
Microsoft Visual Studio Solution File, Format Version 12.00
# Visual Studio Version 16
VisualStudioVersion = 16.0.32602.291
MinimumVisualStudioVersion = 10.0.40219.1
Project("{FAE04EC0-301F-11D3-BF4B-00C04F79EFBC}") = "WPFSkiaShakeDemo", "WPFSkiaShakeDemo.csproj", "{D82F41ED-3434-46BB-8136-26904F9A166E}"
EndProject
Global
	GlobalSection(SolutionConfigurationPlatforms) = preSolution
		Debug|Any CPU = Debug|Any CPU
		Release|Any CPU = Release|Any CPU
	EndGlobalSection
	GlobalSection(ProjectConfigurationPlatforms) = postSolution
		{D82F41ED-3434-46BB-8136-26904F9A166E}.Debug|Any CPU.ActiveCfg = Debug|Any CPU
		{D82F41ED-3434-46BB-8136-26904F9A166E}.Debug|Any CPU.Build.0 = Debug|Any CPU
		{D82F41ED-3434-46BB-8136-26904F9A166E}.Release|Any CPU.ActiveCfg = Release|Any CPU
		{D82F41ED-3434-46BB-8136-26904F9A166E}.Release|Any CPU.Build.0 = Release|Any CPU
	EndGlobalSection
	GlobalSection(SolutionProperties) = preSolution
		HideSolutionNode = FALSE
	EndGlobalSection
	GlobalSection(ExtensibilityGlobals) = postSolution
		SolutionGuid = {A7AE5645-C51F-4408-AED1-48D755933033}
	EndGlobalSection
EndGlobal
